<?xml version="1.0" encoding="utf-8"?>
<Project ToolsVersion="4.0" xmlns="http://schemas.microsoft.com/developer/msbuild/2003">
  <ItemGroup>
    <Filter Include="Quelldateien">
      <UniqueIdentifier>{4FC737F1-C7A5-4376-A066-2A32D752A2FF}</UniqueIdentifier>
      <Extensions>cpp;c;cc;cxx;def;odl;idl;hpj;bat;asm;asmx</Extensions>
    </Filter>
    <Filter Include="Headerdateien">
      <UniqueIdentifier>{93995380-89BD-4b04-88EB-625FBE52EBFB}</UniqueIdentifier>
      <Extensions>h;hpp;hxx;hm;inl;inc;xsd</Extensions>
    </Filter>
    <Filter Include="Tests">
      <UniqueIdentifier>{7d2534d2-c524-4bd3-bd9f-4d4f0d557fb9}</UniqueIdentifier>
    </Filter>
    <Filter Include="Documents">
      <UniqueIdentifier>{6cb6b117-553b-445e-91d3-51b974cf28c9}</UniqueIdentifier>
    </Filter>
  </ItemGroup>
  <ItemGroup>
    <Text Include="tests\factorial10.txt">
      <Filter>Tests</Filter>
    </Text>
    <Text Include="tests\factorial5.txt">
      <Filter>Tests</Filter>
    </Text>
    <Text Include="tests\fibonacci.txt">
      <Filter>Tests</Filter>
    </Text>
    <Text Include="tests\primes.txt">
      <Filter>Tests</Filter>
    </Text>
    <Text Include="tests\say.txt">
      <Filter>Tests</Filter>
    </Text>
    <Text Include="tests\squareroot.txt">
      <Filter>Tests</Filter>
    </Text>
  </ItemGroup>
  <ItemGroup>
    <ClInclude Include="stdafx.h">
      <Filter>Headerdateien</Filter>
    </ClInclude>
    <ClInclude Include="any.h">
      <Filter>Headerdateien</Filter>
    </ClInclude>
    <ClInclude Include="compiler.h">
      <Filter>Headerdateien</Filter>
    </ClInclude>
    <ClInclude Include="globals.h">
      <Filter>Headerdateien</Filter>
    </ClInclude>
    <ClInclude Include="helpers.h">
      <Filter>Headerdateien</Filter>
    </ClInclude>
    <ClInclude Include="interpreter.h">
      <Filter>Headerdateien</Filter>
    </ClInclude>
    <ClInclude Include="node.h">
      <Filter>Headerdateien</Filter>
    </ClInclude>
    <ClInclude Include="Parser.h">
      <Filter>Headerdateien</Filter>
    </ClInclude>
    <ClInclude Include="Scanner.h">
      <Filter>Headerdateien</Filter>
    </ClInclude>
    <ClInclude Include="stack.h">
      <Filter>Headerdateien</Filter>
    </ClInclude>
    <ClInclude Include="system.h">
      <Filter>Headerdateien</Filter>
    </ClInclude>
  </ItemGroup>
  <ItemGroup>
    <ClCompile Include="compiler.cpp">
      <Filter>Quelldateien</Filter>
    </ClCompile>
    <ClCompile Include="helpers.cpp">
      <Filter>Quelldateien</Filter>
    </ClCompile>
    <ClCompile Include="interpreter.cpp">
      <Filter>Quelldateien</Filter>
    </ClCompile>
    <ClCompile Include="main.cpp">
      <Filter>Quelldateien</Filter>
    </ClCompile>
    <ClCompile Include="node.cpp">
      <Filter>Quelldateien</Filter>
    </ClCompile>
    <ClCompile Include="Parser.cpp">
      <Filter>Quelldateien</Filter>
    </ClCompile>
    <ClCompile Include="Scanner.cpp">
      <Filter>Quelldateien</Filter>
    </ClCompile>
    <ClCompile Include="stack.cpp">
      <Filter>Quelldateien</Filter>
    </ClCompile>
    <ClCompile Include="system.cpp">
      <Filter>Quelldateien</Filter>
    </ClCompile>
    <ClCompile Include="stdafx.cpp">
      <Filter>Quelldateien</Filter>
    </ClCompile>
  </ItemGroup>
  <ItemGroup>
    <CustomBuild Include="Makro.ATG" />
  </ItemGroup>
  <ItemGroup>
    <None Include="Documents\Makro.oxps">
      <Filter>Documents</Filter>
    </None>
  </ItemGroup>
</Project>