
Microsoft Visual Studio Solution File, Format Version 12.00
# Visual Studio 2012
Project("{8BC9CEB8-8B4A-11D0-8D11-00A0C91BC942}") = "moveIT.MakroNeu", "moveIT.MakroNeu.vcxproj", "{E1810023-A3EF-4E5B-B19E-6C0151072CB6}"
EndProject
Project("{2150E333-8FDC-42A3-9474-1A3956D46DE8}") = "Solution Items", "Solution Items", "{DBEC3648-6D20-4523-9A5F-DC6BA40CF553}"
	ProjectSection(SolutionItems) = preProject
		Performance1.psess = Performance1.psess
	EndProjectSection
EndProject
Global
	GlobalSection(SolutionConfigurationPlatforms) = preSolution
		Debug|Win32 = Debug|Win32
		Release|Win32 = Release|Win32
	EndGlobalSection
	GlobalSection(ProjectConfigurationPlatforms) = postSolution
		{E1810023-A3EF-4E5B-B19E-6C0151072CB6}.Debug|Win32.ActiveCfg = Debug|Win32
		{E1810023-A3EF-4E5B-B19E-6C0151072CB6}.Debug|Win32.Build.0 = Debug|Win32
		{E1810023-A3EF-4E5B-B19E-6C0151072CB6}.Release|Win32.ActiveCfg = Release|Win32
		{E1810023-A3EF-4E5B-B19E-6C0151072CB6}.Release|Win32.Build.0 = Release|Win32
	EndGlobalSection
	GlobalSection(SolutionProperties) = preSolution
		HideSolutionNode = FALSE
	EndGlobalSection
	GlobalSection(Performance) = preSolution
		HasPerformanceSessions = true
	EndGlobalSection
EndGlobal
